// !$*UTF8*$!
{
	archiveVersion = 1;
	classes = {
	};
	objectVersion = 48;
	objects = {

/* Begin PBXBuildFile section */
		3F3C62912050418200D5BBEE /* SwipeTableViewController.swift in Sources */ = {isa = PBXBuildFile; fileRef = 3F3C62902050418200D5BBEE /* SwipeTableViewController.swift */; };
		3F3DB6EC203CED7600F49DD8 /* AppDelegate.swift in Sources */ = {isa = PBXBuildFile; fileRef = 3F3DB6EB203CED7600F49DD8 /* AppDelegate.swift */; };
		3F3DB6EE203CED7600F49DD8 /* TodoListViewController.swift in Sources */ = {isa = PBXBuildFile; fileRef = 3F3DB6ED203CED7600F49DD8 /* TodoListViewController.swift */; };
		3F3DB6F1203CED7600F49DD8 /* Main.storyboard in Resources */ = {isa = PBXBuildFile; fileRef = 3F3DB6EF203CED7600F49DD8 /* Main.storyboard */; };
		3F3DB6F3203CED7600F49DD8 /* Assets.xcassets in Resources */ = {isa = PBXBuildFile; fileRef = 3F3DB6F2203CED7600F49DD8 /* Assets.xcassets */; };
		3F3DB6F6203CED7600F49DD8 /* LaunchScreen.storyboard in Resources */ = {isa = PBXBuildFile; fileRef = 3F3DB6F4203CED7600F49DD8 /* LaunchScreen.storyboard */; };
		3FBB068F20437A2A00DD8E7D /* CategoryViewController.swift in Sources */ = {isa = PBXBuildFile; fileRef = 3FBB068E20437A2A00DD8E7D /* CategoryViewController.swift */; };
		3FE9D2BF20457BC70079CD6D /* Item.swift in Sources */ = {isa = PBXBuildFile; fileRef = 3FE9D2BE20457BC70079CD6D /* Item.swift */; };
		3FE9D2C120457BCF0079CD6D /* Category.swift in Sources */ = {isa = PBXBuildFile; fileRef = 3FE9D2C020457BCF0079CD6D /* Category.swift */; };
		A5E61241F1DB6E98041C61CB /* Pods_Todoey.framework in Frameworks */ = {isa = PBXBuildFile; fileRef = 26E337B5D84B79763EA04D56 /* Pods_Todoey.framework */; };
/* End PBXBuildFile section */

/* Begin PBXFileReference section */
		1DBA9736FFD2697E263767E9 /* Pods-Todoey.debug.xcconfig */ = {isa = PBXFileReference; includeInIndex = 1; lastKnownFileType = text.xcconfig; name = "Pods-Todoey.debug.xcconfig"; path = "Pods/Target Support Files/Pods-Todoey/Pods-Todoey.debug.xcconfig"; sourceTree = "<group>"; };
		26E337B5D84B79763EA04D56 /* Pods_Todoey.framework */ = {isa = PBXFileReference; explicitFileType = wrapper.framework; includeInIndex = 0; path = Pods_Todoey.framework; sourceTree = BUILT_PRODUCTS_DIR; };
		327E47A76B5CE1C753B0EE69 /* Pods-Todoey.release.xcconfig */ = {isa = PBXFileReference; includeInIndex = 1; lastKnownFileType = text.xcconfig; name = "Pods-Todoey.release.xcconfig"; path = "Pods/Target Support Files/Pods-Todoey/Pods-Todoey.release.xcconfig"; sourceTree = "<group>"; };
		3F3C62902050418200D5BBEE /* SwipeTableViewController.swift */ = {isa = PBXFileReference; lastKnownFileType = sourcecode.swift; path = SwipeTableViewController.swift; sourceTree = "<group>"; };
		3F3DB6E8203CED7600F49DD8 /* Todoey.app */ = {isa = PBXFileReference; explicitFileType = wrapper.application; includeInIndex = 0; path = Todoey.app; sourceTree = BUILT_PRODUCTS_DIR; };
		3F3DB6EB203CED7600F49DD8 /* AppDelegate.swift */ = {isa = PBXFileReference; lastKnownFileType = sourcecode.swift; path = AppDelegate.swift; sourceTree = "<group>"; };
		3F3DB6ED203CED7600F49DD8 /* TodoListViewController.swift */ = {isa = PBXFileReference; lastKnownFileType = sourcecode.swift; path = TodoListViewController.swift; sourceTree = "<group>"; };
		3F3DB6F0203CED7600F49DD8 /* Base */ = {isa = PBXFileReference; lastKnownFileType = file.storyboard; name = Base; path = Base.lproj/Main.storyboard; sourceTree = "<group>"; };
		3F3DB6F2203CED7600F49DD8 /* Assets.xcassets */ = {isa = PBXFileReference; lastKnownFileType = folder.assetcatalog; path = Assets.xcassets; sourceTree = "<group>"; };
		3F3DB6F5203CED7600F49DD8 /* Base */ = {isa = PBXFileReference; lastKnownFileType = file.storyboard; name = Base; path = Base.lproj/LaunchScreen.storyboard; sourceTree = "<group>"; };
		3F3DB6F7203CED7600F49DD8 /* Info.plist */ = {isa = PBXFileReference; lastKnownFileType = text.plist.xml; path = Info.plist; sourceTree = "<group>"; };
		3FBB068E20437A2A00DD8E7D /* CategoryViewController.swift */ = {isa = PBXFileReference; lastKnownFileType = sourcecode.swift; name = CategoryViewController.swift; path = Todoey/Controllers/CategoryViewController.swift; sourceTree = SOURCE_ROOT; };
		3FE9D2BE20457BC70079CD6D /* Item.swift */ = {isa = PBXFileReference; lastKnownFileType = sourcecode.swift; path = Item.swift; sourceTree = "<group>"; };
		3FE9D2C020457BCF0079CD6D /* Category.swift */ = {isa = PBXFileReference; lastKnownFileType = sourcecode.swift; path = Category.swift; sourceTree = "<group>"; };
/* End PBXFileReference section */

/* Begin PBXFrameworksBuildPhase section */
		3F3DB6E5203CED7600F49DD8 /* Frameworks */ = {
			isa = PBXFrameworksBuildPhase;
			buildActionMask = 2147483647;
			files = (
				A5E61241F1DB6E98041C61CB /* Pods_Todoey.framework in Frameworks */,
			);
			runOnlyForDeploymentPostprocessing = 0;
		};
/* End PBXFrameworksBuildPhase section */

/* Begin PBXGroup section */
		24FC38B89FAD3EEAB80CE73C /* Pods */ = {
			isa = PBXGroup;
			children = (
				1DBA9736FFD2697E263767E9 /* Pods-Todoey.debug.xcconfig */,
				327E47A76B5CE1C753B0EE69 /* Pods-Todoey.release.xcconfig */,
			);
			name = Pods;
			sourceTree = "<group>";
		};
		3F1BC5A0203F9F62005CE5BC /* Data Model */ = {
			isa = PBXGroup;
			children = (
				3FE9D2C020457BCF0079CD6D /* Category.swift */,
				3FE9D2BE20457BC70079CD6D /* Item.swift */,
			);
			path = "Data Model";
			sourceTree = "<group>";
		};
		3F1BC5A1203F9F89005CE5BC /* Controllers */ = {
			isa = PBXGroup;
			children = (
				3FBB068E20437A2A00DD8E7D /* CategoryViewController.swift */,
				3F3C62902050418200D5BBEE /* SwipeTableViewController.swift */,
				3F3DB6ED203CED7600F49DD8 /* TodoListViewController.swift */,
			);
			path = Controllers;
			sourceTree = "<group>";
		};
		3F1BC5A2203F9F9D005CE5BC /* Views */ = {
			isa = PBXGroup;
			children = (
				3F3DB6EF203CED7600F49DD8 /* Main.storyboard */,
			);
			path = Views;
			sourceTree = "<group>";
		};
		3F1BC5A3203F9FBB005CE5BC /* Supporting Files */ = {
			isa = PBXGroup;
			children = (
				3F3DB6F2203CED7600F49DD8 /* Assets.xcassets */,
				3F3DB6F4203CED7600F49DD8 /* LaunchScreen.storyboard */,
			);
			path = "Supporting Files";
			sourceTree = "<group>";
		};
		3F3DB6DF203CED7600F49DD8 = {
			isa = PBXGroup;
			children = (
				3F3DB6EA203CED7600F49DD8 /* Todoey */,
				3F3DB6E9203CED7600F49DD8 /* Products */,
				24FC38B89FAD3EEAB80CE73C /* Pods */,
				9094BD7CAACB3A70A5E0683C /* Frameworks */,
			);
			sourceTree = "<group>";
		};
		3F3DB6E9203CED7600F49DD8 /* Products */ = {
			isa = PBXGroup;
			children = (
				3F3DB6E8203CED7600F49DD8 /* Todoey.app */,
			);
			name = Products;
			sourceTree = "<group>";
		};
		3F3DB6EA203CED7600F49DD8 /* Todoey */ = {
			isa = PBXGroup;
			children = (
				3F3DB6EB203CED7600F49DD8 /* AppDelegate.swift */,
				3F1BC5A1203F9F89005CE5BC /* Controllers */,
				3F1BC5A0203F9F62005CE5BC /* Data Model */,
				3F1BC5A2203F9F9D005CE5BC /* Views */,
				3F1BC5A3203F9FBB005CE5BC /* Supporting Files */,
				3F3DB6F7203CED7600F49DD8 /* Info.plist */,
			);
			path = Todoey;
			sourceTree = "<group>";
		};
		9094BD7CAACB3A70A5E0683C /* Frameworks */ = {
			isa = PBXGroup;
			children = (
				26E337B5D84B79763EA04D56 /* Pods_Todoey.framework */,
			);
			name = Frameworks;
			sourceTree = "<group>";
		};
/* End PBXGroup section */

/* Begin PBXNativeTarget section */
		3F3DB6E7203CED7600F49DD8 /* Todoey */ = {
			isa = PBXNativeTarget;
			buildConfigurationList = 3F3DB6FA203CED7600F49DD8 /* Build configuration list for PBXNativeTarget "Todoey" */;
			buildPhases = (
				DC97F0EA8A197EF292B36507 /* [CP] Check Pods Manifest.lock */,
				3F3DB6E4203CED7600F49DD8 /* Sources */,
				3F3DB6E5203CED7600F49DD8 /* Frameworks */,
				3F3DB6E6203CED7600F49DD8 /* Resources */,
				13F8CEB451B251719D1DC455 /* [CP] Embed Pods Frameworks */,
				443D2E46E534AFC60E7A97A2 /* [CP] Copy Pods Resources */,
			);
			buildRules = (
			);
			dependencies = (
			);
			name = Todoey;
			productName = Todoey;
			productReference = 3F3DB6E8203CED7600F49DD8 /* Todoey.app */;
			productType = "com.apple.product-type.application";
		};
/* End PBXNativeTarget section */

/* Begin PBXProject section */
		3F3DB6E0203CED7600F49DD8 /* Project object */ = {
			isa = PBXProject;
			attributes = {
				LastSwiftUpdateCheck = 0920;
				LastUpgradeCheck = 0920;
				ORGANIZATIONNAME = "Favor It";
				TargetAttributes = {
					3F3DB6E7203CED7600F49DD8 = {
						CreatedOnToolsVersion = 9.2;
						ProvisioningStyle = Automatic;
					};
				};
			};
			buildConfigurationList = 3F3DB6E3203CED7600F49DD8 /* Build configuration list for PBXProject "Todoey" */;
			compatibilityVersion = "Xcode 8.0";
			developmentRegion = en;
			hasScannedForEncodings = 0;
			knownRegions = (
				en,
				Base,
			);
			mainGroup = 3F3DB6DF203CED7600F49DD8;
			productRefGroup = 3F3DB6E9203CED7600F49DD8 /* Products */;
			projectDirPath = "";
			projectRoot = "";
			targets = (
				3F3DB6E7203CED7600F49DD8 /* Todoey */,
			);
		};
/* End PBXProject section */

/* Begin PBXResourcesBuildPhase section */
		3F3DB6E6203CED7600F49DD8 /* Resources */ = {
			isa = PBXResourcesBuildPhase;
			buildActionMask = 2147483647;
			files = (
				3F3DB6F6203CED7600F49DD8 /* LaunchScreen.storyboard in Resources */,
				3F3DB6F3203CED7600F49DD8 /* Assets.xcassets in Resources */,
				3F3DB6F1203CED7600F49DD8 /* Main.storyboard in Resources */,
			);
			runOnlyForDeploymentPostprocessing = 0;
		};
/* End PBXResourcesBuildPhase section */

/* Begin PBXShellScriptBuildPhase section */
		13F8CEB451B251719D1DC455 /* [CP] Embed Pods Frameworks */ = {
			isa = PBXShellScriptBuildPhase;
			buildActionMask = 2147483647;
			files = (
			);
			inputPaths = (
				"${SRCROOT}/Pods/Target Support Files/Pods-Todoey/Pods-Todoey-frameworks.sh",
				"${BUILT_PRODUCTS_DIR}/ChameleonFramework/ChameleonFramework.framework",
				"${BUILT_PRODUCTS_DIR}/Realm/Realm.framework",
				"${BUILT_PRODUCTS_DIR}/RealmSwift/RealmSwift.framework",
				"${BUILT_PRODUCTS_DIR}/SwipeCellKit/SwipeCellKit.framework",
			);
			name = "[CP] Embed Pods Frameworks";
			outputPaths = (
				"${TARGET_BUILD_DIR}/${FRAMEWORKS_FOLDER_PATH}/ChameleonFramework.framework",
				"${TARGET_BUILD_DIR}/${FRAMEWORKS_FOLDER_PATH}/Realm.framework",
				"${TARGET_BUILD_DIR}/${FRAMEWORKS_FOLDER_PATH}/RealmSwift.framework",
				"${TARGET_BUILD_DIR}/${FRAMEWORKS_FOLDER_PATH}/SwipeCellKit.framework",
			);
			runOnlyForDeploymentPostprocessing = 0;
			shellPath = /bin/sh;
			shellScript = "\"${SRCROOT}/Pods/Target Support Files/Pods-Todoey/Pods-Todoey-frameworks.sh\"\n";
			showEnvVarsInLog = 0;
		};
		443D2E46E534AFC60E7A97A2 /* [CP] Copy Pods Resources */ = {
			isa = PBXShellScriptBuildPhase;
			buildActionMask = 2147483647;
			files = (
			);
			inputPaths = (
			);
			name = "[CP] Copy Pods Resources";
			outputPaths = (
			);
			runOnlyForDeploymentPostprocessing = 0;
			shellPath = /bin/sh;
			shellScript = "\"${SRCROOT}/Pods/Target Support Files/Pods-Todoey/Pods-Todoey-resources.sh\"\n";
			showEnvVarsInLog = 0;
		};
		DC97F0EA8A197EF292B36507 /* [CP] Check Pods Manifest.lock */ = {
			isa = PBXShellScriptBuildPhase;
			buildActionMask = 2147483647;
			files = (
			);
			inputPaths = (
				"${PODS_PODFILE_DIR_PATH}/Podfile.lock",
				"${PODS_ROOT}/Manifest.lock",
			);
			name = "[CP] Check Pods Manifest.lock";
			outputPaths = (
				"$(DERIVED_FILE_DIR)/Pods-Todoey-checkManifestLockResult.txt",
			);
			runOnlyForDeploymentPostprocessing = 0;
			shellPath = /bin/sh;
			shellScript = "diff \"${PODS_PODFILE_DIR_PATH}/Podfile.lock\" \"${PODS_ROOT}/Manifest.lock\" > /dev/null\nif [ $? != 0 ] ; then\n    # print error to STDERR\n    echo \"error: The sandbox is not in sync with the Podfile.lock. Run 'pod install' or update your CocoaPods installation.\" >&2\n    exit 1\nfi\n# This output is used by Xcode 'outputs' to avoid re-running this script phase.\necho \"SUCCESS\" > \"${SCRIPT_OUTPUT_FILE_0}\"\n";
			showEnvVarsInLog = 0;
		};
/* End PBXShellScriptBuildPhase section */

/* Begin PBXSourcesBuildPhase section */
		3F3DB6E4203CED7600F49DD8 /* Sources */ = {
			isa = PBXSourcesBuildPhase;
			buildActionMask = 2147483647;
			files = (
				3FE9D2BF20457BC70079CD6D /* Item.swift in Sources */,
				3FBB068F20437A2A00DD8E7D /* CategoryViewController.swift in Sources */,
				3F3DB6EE203CED7600F49DD8 /* TodoListViewController.swift in Sources */,
				3F3DB6EC203CED7600F49DD8 /* AppDelegate.swift in Sources */,
				3F3C62912050418200D5BBEE /* SwipeTableViewController.swift in Sources */,
				3FE9D2C120457BCF0079CD6D /* Category.swift in Sources */,
			);
			runOnlyForDeploymentPostprocessing = 0;
		};
/* End PBXSourcesBuildPhase section */

/* Begin PBXVariantGroup section */
		3F3DB6EF203CED7600F49DD8 /* Main.storyboard */ = {
			isa = PBXVariantGroup;
			children = (
				3F3DB6F0203CED7600F49DD8 /* Base */,
			);
			name = Main.storyboard;
			sourceTree = "<group>";
		};
		3F3DB6F4203CED7600F49DD8 /* LaunchScreen.storyboard */ = {
			isa = PBXVariantGroup;
			children = (
				3F3DB6F5203CED7600F49DD8 /* Base */,
			);
			name = LaunchScreen.storyboard;
			sourceTree = "<group>";
		};
/* End PBXVariantGroup section */

/* Begin XCBuildConfiguration section */
		3F3DB6F8203CED7600F49DD8 /* Debug */ = {
			isa = XCBuildConfiguration;
			buildSettings = {
				ALWAYS_SEARCH_USER_PATHS = NO;
				CLANG_ANALYZER_NONNULL = YES;
				CLANG_ANALYZER_NUMBER_OBJECT_CONVERSION = YES_AGGRESSIVE;
				CLANG_CXX_LANGUAGE_STANDARD = "gnu++14";
				CLANG_CXX_LIBRARY = "libc++";
				CLANG_ENABLE_MODULES = YES;
				CLANG_ENABLE_OBJC_ARC = YES;
				CLANG_WARN_BLOCK_CAPTURE_AUTORELEASING = YES;
				CLANG_WARN_BOOL_CONVERSION = YES;
				CLANG_WARN_COMMA = YES;
				CLANG_WARN_CONSTANT_CONVERSION = YES;
				CLANG_WARN_DIRECT_OBJC_ISA_USAGE = YES_ERROR;
				CLANG_WARN_DOCUMENTATION_COMMENTS = YES;
				CLANG_WARN_EMPTY_BODY = YES;
				CLANG_WARN_ENUM_CONVERSION = YES;
				CLANG_WARN_INFINITE_RECURSION = YES;
				CLANG_WARN_INT_CONVERSION = YES;
				CLANG_WARN_NON_LITERAL_NULL_CONVERSION = YES;
				CLANG_WARN_OBJC_LITERAL_CONVERSION = YES;
				CLANG_WARN_OBJC_ROOT_CLASS = YES_ERROR;
				CLANG_WARN_RANGE_LOOP_ANALYSIS = YES;
				CLANG_WARN_STRICT_PROTOTYPES = YES;
				CLANG_WARN_SUSPICIOUS_MOVE = YES;
				CLANG_WARN_UNGUARDED_AVAILABILITY = YES_AGGRESSIVE;
				CLANG_WARN_UNREACHABLE_CODE = YES;
				CLANG_WARN__DUPLICATE_METHOD_MATCH = YES;
				CODE_SIGN_IDENTITY = "iPhone Developer";
				COPY_PHASE_STRIP = NO;
				DEBUG_INFORMATION_FORMAT = dwarf;
				ENABLE_STRICT_OBJC_MSGSEND = YES;
				ENABLE_TESTABILITY = YES;
				GCC_C_LANGUAGE_STANDARD = gnu11;
				GCC_DYNAMIC_NO_PIC = NO;
				GCC_NO_COMMON_BLOCKS = YES;
				GCC_OPTIMIZATION_LEVEL = 0;
				GCC_PREPROCESSOR_DEFINITIONS = (
					"DEBUG=1",
					"$(inherited)",
				);
				GCC_WARN_64_TO_32_BIT_CONVERSION = YES;
				GCC_WARN_ABOUT_RETURN_TYPE = YES_ERROR;
				GCC_WARN_UNDECLARED_SELECTOR = YES;
				GCC_WARN_UNINITIALIZED_AUTOS = YES_AGGRESSIVE;
				GCC_WARN_UNUSED_FUNCTION = YES;
				GCC_WARN_UNUSED_VARIABLE = YES;
				IPHONEOS_DEPLOYMENT_TARGET = 11.2;
				MTL_ENABLE_DEBUG_INFO = YES;
				ONLY_ACTIVE_ARCH = YES;
				SDKROOT = iphoneos;
				SWIFT_ACTIVE_COMPILATION_CONDITIONS = DEBUG;
				SWIFT_OPTIMIZATION_LEVEL = "-Onone";
			};
			name = Debug;
		};
		3F3DB6F9203CED7600F49DD8 /* Release */ = {
			isa = XCBuildConfiguration;
			buildSettings = {
				ALWAYS_SEARCH_USER_PATHS = NO;
				CLANG_ANALYZER_NONNULL = YES;
				CLANG_ANALYZER_NUMBER_OBJECT_CONVERSION = YES_AGGRESSIVE;
				CLANG_CXX_LANGUAGE_STANDARD = "gnu++14";
				CLANG_CXX_LIBRARY = "libc++";
				CLANG_ENABLE_MODULES = YES;
				CLANG_ENABLE_OBJC_ARC = YES;
				CLANG_WARN_BLOCK_CAPTURE_AUTORELEASING = YES;
				CLANG_WARN_BOOL_CONVERSION = YES;
				CLANG_WARN_COMMA = YES;
				CLANG_WARN_CONSTANT_CONVERSION = YES;
				CLANG_WARN_DIRECT_OBJC_ISA_USAGE = YES_ERROR;
				CLANG_WARN_DOCUMENTATION_COMMENTS = YES;
				CLANG_WARN_EMPTY_BODY = YES;
				CLANG_WARN_ENUM_CONVERSION = YES;
				CLANG_WARN_INFINITE_RECURSION = YES;
				CLANG_WARN_INT_CONVERSION = YES;
				CLANG_WARN_NON_LITERAL_NULL_CONVERSION = YES;
				CLANG_WARN_OBJC_LITERAL_CONVERSION = YES;
				CLANG_WARN_OBJC_ROOT_CLASS = YES_ERROR;
				CLANG_WARN_RANGE_LOOP_ANALYSIS = YES;
				CLANG_WARN_STRICT_PROTOTYPES = YES;
				CLANG_WARN_SUSPICIOUS_MOVE = YES;
				CLANG_WARN_UNGUARDED_AVAILABILITY = YES_AGGRESSIVE;
				CLANG_WARN_UNREACHABLE_CODE = YES;
				CLANG_WARN__DUPLICATE_METHOD_MATCH = YES;
				CODE_SIGN_IDENTITY = "iPhone Developer";
				COPY_PHASE_STRIP = NO;
				DEBUG_INFORMATION_FORMAT = "dwarf-with-dsym";
				ENABLE_NS_ASSERTIONS = NO;
				ENABLE_STRICT_OBJC_MSGSEND = YES;
				GCC_C_LANGUAGE_STANDARD = gnu11;
				GCC_NO_COMMON_BLOCKS = YES;
				GCC_WARN_64_TO_32_BIT_CONVERSION = YES;
				GCC_WARN_ABOUT_RETURN_TYPE = YES_ERROR;
				GCC_WARN_UNDECLARED_SELECTOR = YES;
				GCC_WARN_UNINITIALIZED_AUTOS = YES_AGGRESSIVE;
				GCC_WARN_UNUSED_FUNCTION = YES;
				GCC_WARN_UNUSED_VARIABLE = YES;
				IPHONEOS_DEPLOYMENT_TARGET = 11.2;
				MTL_ENABLE_DEBUG_INFO = NO;
				SDKROOT = iphoneos;
				SWIFT_OPTIMIZATION_LEVEL = "-Owholemodule";
				VALIDATE_PRODUCT = YES;
			};
			name = Release;
		};
		3F3DB6FB203CED7600F49DD8 /* Debug */ = {
			isa = XCBuildConfiguration;
			baseConfigurationReference = 1DBA9736FFD2697E263767E9 /* Pods-Todoey.debug.xcconfig */;
			buildSettings = {
				ASSETCATALOG_COMPILER_APPICON_NAME = AppIcon;
				CODE_SIGN_STYLE = Automatic;
				DEVELOPMENT_TEAM = EE6SHLJ6P3;
				INFOPLIST_FILE = Todoey/Info.plist;
				LD_RUNPATH_SEARCH_PATHS = "$(inherited) @executable_path/Frameworks";
				PRODUCT_BUNDLE_IDENTIFIER = com.popgig.TodoeyAlex;
				PRODUCT_NAME = "$(TARGET_NAME)";
				SWIFT_VERSION = 4.0;
				TARGETED_DEVICE_FAMILY = "1,2";
			};
			name = Debug;
		};
		3F3DB6FC203CED7600F49DD8 /* Release */ = {
			isa = XCBuildConfiguration;
			baseConfigurationReference = 327E47A76B5CE1C753B0EE69 /* Pods-Todoey.release.xcconfig */;
			buildSettings = {
				ASSETCATALOG_COMPILER_APPICON_NAME = AppIcon;
				CODE_SIGN_STYLE = Automatic;
				DEVELOPMENT_TEAM = EE6SHLJ6P3;
				INFOPLIST_FILE = Todoey/Info.plist;
				LD_RUNPATH_SEARCH_PATHS = "$(inherited) @executable_path/Frameworks";
				PRODUCT_BUNDLE_IDENTIFIER = com.popgig.TodoeyAlex;
				PRODUCT_NAME = "$(TARGET_NAME)";
				SWIFT_VERSION = 4.0;
				TARGETED_DEVICE_FAMILY = "1,2";
			};
			name = Release;
		};
/* End XCBuildConfiguration section */

/* Begin XCConfigurationList section */
		3F3DB6E3203CED7600F49DD8 /* Build configuration list for PBXProject "Todoey" */ = {
			isa = XCConfigurationList;
			buildConfigurations = (
				3F3DB6F8203CED7600F49DD8 /* Debug */,
				3F3DB6F9203CED7600F49DD8 /* Release */,
			);
			defaultConfigurationIsVisible = 0;
			defaultConfigurationName = Release;
		};
		3F3DB6FA203CED7600F49DD8 /* Build configuration list for PBXNativeTarget "Todoey" */ = {
			isa = XCConfigurationList;
			buildConfigurations = (
				3F3DB6FB203CED7600F49DD8 /* Debug */,
				3F3DB6FC203CED7600F49DD8 /* Release */,
			);
			defaultConfigurationIsVisible = 0;
			defaultConfigurationName = Release;
		};
/* End XCConfigurationList section */
	};
	rootObject = 3F3DB6E0203CED7600F49DD8 /* Project object */;
}
